lockfileVersion: '6.0'

settings:
  autoInstallPeers: true
  excludeLinksFromLockfile: false

importers:

  .:
    devDependencies:
      '@eslint/js':
        specifier: ^9.30.1
        version: 9.30.1
      '@next/eslint-plugin-next':
        specifier: ^15.3.4
        version: 15.3.4(@next/eslint-plugin-next-swc-linux-x64-gnu@15.3.4)
      '@typescript-eslint/eslint-plugin':
        specifier: ^8.36.0
        version: 8.36.0(@typescript-eslint/parser@8.36.0)
      '@typescript-eslint/parser':
        specifier: ^8.36.0
        version: 8.36.0
      eslint:
        specifier: ^9.30.1
        version: 9.30.1
      eslint-config-prettier:
        specifier: ^9.1.0
        version: 9.1.0(eslint@9.30.1)
      eslint-plugin-react:
        specifier: ^7.35.0
        version: 7.35.0
      eslint-plugin-react-hooks:
        specifier: ^5.1.0-rc.0
        version: 5.1.0-rc.0(react@18.3.1)
      globals:
        specifier: ^16.3.0
        version: 16.3.0
      pnpm:
        specifier: ^9.10.0
        version: 9.10.0
      typescript-eslint:
        specifier: ^8.36.0
        version: 8.36.0

  backend:
    dependencies:
      '@aws-sdk/client-s3':
        specifier: ^3.614.0
        version: 3.614.0
      '@aws-sdk/s3-request-presigner':
        specifier: ^3.614.0
        version: 3.614.0
      '@genkit-ai/googleai':
        specifier: ^1.13.0
        version: 1.13.0(genkit@1.13.0)(zod@3.24.2)
      '@golevelup/nestjs-rabbitmq':
        specifier: ^5.3.0
        version: 5.3.0(@nestjs/common@10.3.10)(@nestjs/core@10.3.10)(amqplib@0.10.4)
      '@nestjs/cache-manager':
        specifier: ^2.2.2
        version: 2.2.2(@nestjs/common@10.3.10)
      '@nestjs/common':
        specifier: ^10.0.0
        version: 10.3.10
      '@nestjs/core':
        specifier: ^10.0.0
        version: 10.3.10(@nestjs/common@10.3.10)(reflect-metadata@0.2.2)(rxjs@7.8.1)
      '@nestjs/jwt':
        specifier: ^10.2.0
        version: 10.2.0(@nestjs/common@10.3.10)
      '@nestjs/passport':
        specifier: ^10.0.3
        version: 10.0.3(@nestjs/common@10.3.10)
      '@nestjs/platform-express':
        specifier: ^10.0.0
        version: 10.3.10(@nestjs/common@10.3.10)(@nestjs/core@10.3.10)
      '@nestjs/platform-socket.io':
        specifier: ^10.0.0
        version: 10.3.10(@nestjs/websockets@10.3.10)
      '@nestjs/swagger':
        specifier: ^7.4.0
        version: 7.4.0(@nestjs/common@10.3.10)
      '@nestjs/websockets':
        specifier: ^10.0.0
        version: 10.3.10(@nestjs/common@10.3.10)
      '@prisma/client':
        specifier: ^5.17.0
        version: 5.17.0
      amqplib:
        specifier: ^0.10.4
        version: 0.10.4
      'cache-manager':
        specifier: ^5.7.0
        version: 5.7.0
      'cache-manager-redis-store':
        specifier: ^3.0.1
        version: 3.0.1(cache-manager@5.7.0)
      'class-transformer':
        specifier: ^0.5.1
        version: 0.5.1
      'class-validator':
        specifier: ^0.14.1
        version: 0.14.1
      'date-fns':
        specifier: ^3.6.0
        version: 3.6.0
      dotenv:
        specifier: ^16.4.5
        version: 16.4.5
      genkit:
        specifier: ^1.13.0
        version: 1.13.0
      kafkajs:
        specifier: ^2.2.4
        version: 2.2.4
      passport:
        specifier: ^0.7.0
        version: 0.7.0
      'passport-jwt':
        specifier: ^4.0.1
        version: 4.0.1(passport@0.7.0)
      'prom-client':
        specifier: ^15.1.2
        version: 15.1.2
      'reflect-metadata':
        specifier: ^0.2.0
        version: 0.2.2
      rxjs:
        specifier: ^7.8.1
        version: 7.8.1
      'swagger-ui-express':
        specifier: ^5.0.1
        version: 5.0.1
      wav:
        specifier: ^1.0.2
        version: 1.0.2
      zod:
        specifier: ^3.24.2
        version: 3.24.2
    devDependencies:
      '@eslint/js':
        specifier: ^8.56.0
        version: 8.57.1
      '@nestjs/cli':
        specifier: ^10.0.0
        version: 10.4.2
      '@nestjs/schematics':
        specifier: ^10.0.0
        version: 10.1.3
      '@nestjs/testing':
        specifier: ^10.0.0
        version: 10.3.10(@nestjs/common@10.3.10)(@nestjs/core@10.3.10)
      '@types/express':
        specifier: ^4.17.17
        version: 4.17.21
      '@types/jest':
        specifier: ^29.5.2
        version: 29.5.14
      '@types/multer':
        specifier: ^1.4.11
        version: 1.4.11
      '@types/node':
        specifier: ^20.3.1
        version: 20.16.4
      '@types/passport-jwt':
        specifier: ^4.0.1
        version: 4.0.1
      '@types/supertest':
        specifier: ^6.0.2
        version: 6.0.2
      '@typescript-eslint/eslint-plugin':
        specifier: ^7.15.0
        version: 7.18.0(@typescript-eslint/parser@7.18.0)
      '@typescript-eslint/parser':
        specifier: ^7.15.0
        version: 7.18.0
      eslint:
        specifier: ^8.56.0
        version: 8.57.0
      'eslint-config-prettier':
        specifier: ^8.10.0
        version: 8.10.0(eslint@8.57.0)
      'eslint-plugin-prettier':
        specifier: ^5.0.0
        version: 5.2.1(eslint@8.57.0)(prettier@3.3.3)
      globals:
        specifier: ^15.6.0
        version: 15.9.0
      jest:
        specifier: ^29.5.0
        version: 29.7.0
      prettier:
        specifier: ^3.0.0
        version: 3.3.3
      prisma:
        specifier: ^5.17.0
        version: 5.17.0
      'source-map-support':
        specifier: ^0.5.21
        version: 0.5.21
      supertest:
        specifier: ^7.0.0
        version: 7.0.0
      'ts-jest':
        specifier: ^29.1.0
        version: 29.2.3(jest@29.7.0)(typescript@5.5.4)
      'ts-loader':
        specifier: ^9.4.3
        version: 9.5.1(typescript@5.5.4)
      'ts-node':
        specifier: ^10.9.1
        version: 10.9.2(typescript@5.5.4)
      'tsconfig-paths':
        specifier: ^4.2.0
        version: 4.2.0
      typescript:
        specifier: ^5.1.3
        version: 5.5.4

  frontend:
    dependencies:
      '@hookform/resolvers':
        specifier: ^4.1.3
        version: 4.1.3(react-hook-form@7.54.2)(zod@3.24.2)
      '@radix-ui/react-accordion':
        specifier: ^1.2.3
        version: 1.2.3(react@18.3.1)
      '@radix-ui/react-alert-dialog':
        specifier: ^1.1.6
        version: 1.1.6(react@18.3.1)
      '@radix-ui/react-avatar':
        specifier: ^1.1.3
        version: 1.1.3(react@18.3.1)
      '@radix-ui/react-checkbox':
        specifier: ^1.1.4
        version: 1.1.4(react@18.3.1)
      '@radix-ui/react-collapsible':
        specifier: ^1.1.11
        version: 1.1.11(react@18.3.1)
      '@radix-ui/react-dialog':
        specifier: ^1.1.6
        version: 1.1.6(react@18.3.1)
      '@radix-ui/react-dropdown-menu':
        specifier: ^2.1.6
        version: 2.1.6(react@18.3.1)
      '@radix-ui/react-label':
        specifier: ^2.1.2
        version: 2.1.2(react@18.3.1)
      '@radix-ui/react-menubar':
        specifier: ^1.1.6
        version: 1.1.6(react@18.3.1)
      '@radix-ui/react-popover':
        specifier: ^1.1.6
        version: 1.1.6(react@18.3.1)
      '@radix-ui/react-progress':
        specifier: ^1.1.2
        version: 1.1.2(react@18.3.1)
      '@radix-ui/react-radio-group':
        specifier: ^1.2.3
        version: 1.2.3(react@18.3.1)
      '@radix-ui/react-scroll-area':
        specifier: ^1.2.3
        version: 1.2.3(react@18.3.1)
      '@radix-ui/react-select':
        specifier: ^2.1.6
        version: 2.1.6(react@18.3.1)
      '@radix-ui/react-separator':
        specifier: ^1.1.2
        version: 1.1.2(react@18.3.1)
      '@radix-ui/react-slider':
        specifier: ^1.2.3
        version: 1.2.3(react@18.3.1)
      '@radix-ui/react-slot':
        specifier: ^1.2.3
        version: 1.2.3(react@18.3.1)
      '@radix-ui/react-switch':
        specifier: ^1.1.3
        version: 1.1.3(react@18.3.1)
      '@radix-ui/react-tabs':
        specifier: ^1.1.3
        version: 1.1.3(react@18.3.1)
      '@radix-ui/react-toast':
        specifier: ^1.2.6
        version: 1.2.6(react@18.3.1)
      '@radix-ui/react-tooltip':
        specifier: ^1.1.8
        version: 1.1.8(react@18.3.1)
      'class-variance-authority':
        specifier: ^0.7.1
        version: 0.7.1
      clsx:
        specifier: ^2.1.1
        version: 2.1.1
      'date-fns':
        specifier: ^3.6.0
        version: 3.6.0
      'framer-motion':
        specifier: ^11.5.8
        version: 11.5.8(react@18.3.1)
      'lodash.debounce':
        specifier: ^4.0.8
        version: 4.0.8
      'lucide-react':
        specifier: ^0.475.0
        version: 0.475.0(react@18.3.1)
      next:
        specifier: 15.3.4
        version: 15.3.4(react-dom@18.3.1)(react@18.3.1)
      'next-themes':
        specifier: ^0.3.0
        version: 0.3.0(react@18.3.1)
      react:
        specifier: ^18.3.1
        version: 18.3.1
      'react-day-picker':
        specifier: ^8.10.1
        version: 8.10.1(date-fns@3.6.0)(react@18.3.1)
      'react-dom':
        specifier: ^18.3.1
        version: 18.3.1(react@18.3.1)
      'react-hook-form':
        specifier: ^7.54.2
        version: 7.54.2(react@18.3.1)
      'react-markdown':
        specifier: ^9.0.1
        version: 9.0.1(react@18.3.1)
      recharts:
        specifier: ^2.15.1
        version: 2.15.1(react@18.3.1)
      'remark-gfm':
        specifier: ^4.0.0
        version: 4.0.0
      'socket.io-client':
        specifier: ^4.7.5
        version: 4.7.5
      'tailwind-merge':
        specifier: ^3.0.1
        version: 3.0.1
      'tailwindcss-animate':
        specifier: ^1.0.7
        version: 1.0.7
      wav:
        specifier: ^1.0.2
        version: 1.0.2
      zod:
        specifier: ^3.24.2
        version: 3.24.2
    devDependencies:
      '@tailwindcss/typography':
        specifier: ^0.5.13
        version: 0.5.13
      '@types/lodash.debounce':
        specifier: ^4.0.9
        version: 4.0.9
      '@types/node':
        specifier: ^20
        version: 20.16.4
      '@types/react':
        specifier: ^18
        version: 18.3.5
      '@types/react-dom':
        specifier: ^18
        version: 18.3.0
      '@types/wav':
        specifier: ^1.0.4
        version: 1.0.4
      autoprefixer:
        specifier: ^10.4.19
        version: 10.4.19
      eslint:
        specifier: ^9.30.0
        version: 9.30.0
      'eslint-config-next':
        specifier: 15.3.4
        version: 15.3.4(@next/eslint-plugin-next@15.3.4)(@typescript-eslint/parser@8.18.0)(eslint-plugin-react-hooks@5.1.0-rc.0)(eslint@9.30.0)(typescript@5.5.4)
      postcss:
        specifier: ^8
        version: 8.4.40
      tailwindcss:
        specifier: ^3.4.1
        version: 3.4.10(postcss@8.4.40)
      typescript:
        specifier: ^5
        version: 5.5.4
